
Microsoft Visual Studio Solution File, Format Version 12.00
# Visual Studio Version 16
VisualStudioVersion = 16.0.30413.136
MinimumVisualStudioVersion = 10.0.40219.1
Project("{9A19103F-16F7-4668-BE54-9A1E7A4F7556}") = "RestItemService", "RestItemService.csproj", "{30AA783A-70DA-469B-9B47-A1D8A9763F9F}"
EndProject
Project("{9A19103F-16F7-4668-BE54-9A1E7A4F7556}") = "ModelLib", "..\ModelLib\ModelLib.csproj", "{956C4BA0-FC27-4C4F-AEE5-3D9320D98F28}"
EndProject
Project("{FAE04EC0-301F-11D3-BF4B-00C04F79EFBC}") = "ControllerUnitsTest", "..\ControllerUnitsTest\ControllerUnitsTest.csproj", "{D1C6E14E-6B64-4434-AD27-CBC80596736A}"
EndProject
Global
	GlobalSection(SolutionConfigurationPlatforms) = preSolution
		Debug|Any CPU = Debug|Any CPU
		Release|Any CPU = Release|Any CPU
	EndGlobalSection
	GlobalSection(ProjectConfigurationPlatforms) = postSolution
		{30AA783A-70DA-469B-9B47-A1D8A9763F9F}.Debug|Any CPU.ActiveCfg = Debug|Any CPU
		{30AA783A-70DA-469B-9B47-A1D8A9763F9F}.Debug|Any CPU.Build.0 = Debug|Any CPU
		{30AA783A-70DA-469B-9B47-A1D8A9763F9F}.Release|Any CPU.ActiveCfg = Release|Any CPU
		{30AA783A-70DA-469B-9B47-A1D8A9763F9F}.Release|Any CPU.Build.0 = Release|Any CPU
		{956C4BA0-FC27-4C4F-AEE5-3D9320D98F28}.Debug|Any CPU.ActiveCfg = Debug|Any CPU
		{956C4BA0-FC27-4C4F-AEE5-3D9320D98F28}.Debug|Any CPU.Build.0 = Debug|Any CPU
		{956C4BA0-FC27-4C4F-AEE5-3D9320D98F28}.Release|Any CPU.ActiveCfg = Release|Any CPU
		{956C4BA0-FC27-4C4F-AEE5-3D9320D98F28}.Release|Any CPU.Build.0 = Release|Any CPU
		{D1C6E14E-6B64-4434-AD27-CBC80596736A}.Debug|Any CPU.ActiveCfg = Debug|Any CPU
		{D1C6E14E-6B64-4434-AD27-CBC80596736A}.Debug|Any CPU.Build.0 = Debug|Any CPU
		{D1C6E14E-6B64-4434-AD27-CBC80596736A}.Release|Any CPU.ActiveCfg = Release|Any CPU
		{D1C6E14E-6B64-4434-AD27-CBC80596736A}.Release|Any CPU.Build.0 = Release|Any CPU
	EndGlobalSection
	GlobalSection(SolutionProperties) = preSolution
		HideSolutionNode = FALSE
	EndGlobalSection
	GlobalSection(ExtensibilityGlobals) = postSolution
		SolutionGuid = {B460CC23-9B35-4A78-B864-B618A52E41DC}
	EndGlobalSection
EndGlobal
